
Microsoft Visual Studio Solution File, Format Version 12.00
# Visual Studio Version 16
VisualStudioVersion = 25.0.1705.4
MinimumVisualStudioVersion = 10.0.40219.1
Project("{FAE04EC0-301F-11D3-BF4B-00C04F79EFBC}") = "QLSV", "QLSV\QLSV.csproj", "{D77253B9-8644-4525-9C9D-1117ADB491A5}"
EndProject
Global
	GlobalSection(SolutionConfigurationPlatforms) = preSolution
		Debug|Any CPU = Debug|Any CPU
		Release|Any CPU = Release|Any CPU
	EndGlobalSection
	GlobalSection(ProjectConfigurationPlatforms) = postSolution
		{D77253B9-8644-4525-9C9D-1117ADB491A5}.Debug|Any CPU.ActiveCfg = Debug|Any CPU
		{D77253B9-8644-4525-9C9D-1117ADB491A5}.Debug|Any CPU.Build.0 = Debug|Any CPU
		{D77253B9-8644-4525-9C9D-1117ADB491A5}.Release|Any CPU.ActiveCfg = Release|Any CPU
		{D77253B9-8644-4525-9C9D-1117ADB491A5}.Release|Any CPU.Build.0 = Release|Any CPU
	EndGlobalSection
	GlobalSection(SolutionProperties) = preSolution
		HideSolutionNode = FALSE
	EndGlobalSection
	GlobalSection(ExtensibilityGlobals) = postSolution
		SolutionGuid = {AEFDCDFC-B72E-4C92-ACDF-859C857E3525}
	EndGlobalSection
EndGlobal
